
Microsoft Visual Studio Solution File, Format Version 12.00
# Visual Studio Version 16
VisualStudioVersion = 16.0.30225.117
MinimumVisualStudioVersion = 10.0.40219.1
Project("{FAE04EC0-301F-11D3-BF4B-00C04F79EFBC}") = "NVRS", "NVRS.csproj", "{01D83784-2BFD-423A-A19C-EC4CCBA1B54C}"
EndProject
Global
	GlobalSection(SolutionConfigurationPlatforms) = preSolution
		Debug|Any CPU = Debug|Any CPU
		Release|Any CPU = Release|Any CPU
	EndGlobalSection
	GlobalSection(ProjectConfigurationPlatforms) = postSolution
		{01D83784-2BFD-423A-A19C-EC4CCBA1B54C}.Debug|Any CPU.ActiveCfg = Debug|Any CPU
		{01D83784-2BFD-423A-A19C-EC4CCBA1B54C}.Debug|Any CPU.Build.0 = Debug|Any CPU
		{01D83784-2BFD-423A-A19C-EC4CCBA1B54C}.Debug|Any CPU.Deploy.0 = Debug|Any CPU
		{01D83784-2BFD-423A-A19C-EC4CCBA1B54C}.Release|Any CPU.ActiveCfg = Release|Any CPU
		{01D83784-2BFD-423A-A19C-EC4CCBA1B54C}.Release|Any CPU.Build.0 = Release|Any CPU
		{01D83784-2BFD-423A-A19C-EC4CCBA1B54C}.Release|Any CPU.Deploy.0 = Release|Any CPU
	EndGlobalSection
	GlobalSection(SolutionProperties) = preSolution
		HideSolutionNode = FALSE
	EndGlobalSection
	GlobalSection(ExtensibilityGlobals) = postSolution
		SolutionGuid = {B6D4C041-14DD-4D08-93F5-6EA222D3A14D}
	EndGlobalSection
EndGlobal
